{
  "name": "rough-notation-web",
  "version": "1.0.0",
  "lockfileVersion": 3,
  "requires": true,
  "packages": {
    "": {
      "name": "rough-notation-web",
      "version": "1.0.0",
      "license": "MIT",
      "dependencies": {
        "rough-notation": "^0.4.0",
        "rough-notation-web": "file:"
      }
    },
    "node_modules/rough-notation": {
      "version": "0.4.0",
      "resolved": "https://registry.npmjs.org/rough-notation/-/rough-notation-0.4.0.tgz",
      "integrity": "sha512-hDgn9qMIxWnfY+WWjt30aLMtDHR13H8r/NI3EQNdJiEFAzpklH5nKg4eH/thpxCWTYzyg8ueMsKIfz9MzOBQ4Q=="
    },
    "node_modules/rough-notation-web": {
      "resolved": "",
      "link": true
    }
  }
}
